
Microsoft Visual Studio Solution File, Format Version 12.00
# Visual Studio Version 16
VisualStudioVersion = 16.0.30621.155
MinimumVisualStudioVersion = 10.0.40219.1
Project("{FAE04EC0-301F-11D3-BF4B-00C04F79EFBC}") = "WAPI", "WAPI\WAPI.csproj", "{645CE5D6-9ACA-4ECC-BCEC-5D8FB99C7625}"
EndProject
Global
	GlobalSection(SolutionConfigurationPlatforms) = preSolution
		Debug|Any CPU = Debug|Any CPU
		Release|Any CPU = Release|Any CPU
	EndGlobalSection
	GlobalSection(ProjectConfigurationPlatforms) = postSolution
		{645CE5D6-9ACA-4ECC-BCEC-5D8FB99C7625}.Debug|Any CPU.ActiveCfg = Debug|Any CPU
		{645CE5D6-9ACA-4ECC-BCEC-5D8FB99C7625}.Debug|Any CPU.Build.0 = Debug|Any CPU
		{645CE5D6-9ACA-4ECC-BCEC-5D8FB99C7625}.Release|Any CPU.ActiveCfg = Release|Any CPU
		{645CE5D6-9ACA-4ECC-BCEC-5D8FB99C7625}.Release|Any CPU.Build.0 = Release|Any CPU
	EndGlobalSection
	GlobalSection(SolutionProperties) = preSolution
		HideSolutionNode = FALSE
	EndGlobalSection
	GlobalSection(ExtensibilityGlobals) = postSolution
		SolutionGuid = {BD1DB42F-8E2D-490C-8DE5-1559BE25B0EB}
	EndGlobalSection
EndGlobal
